
Microsoft Visual Studio Solution File, Format Version 12.00
# Visual Studio Version 17
VisualStudioVersion = 17.0.31903.59
MinimumVisualStudioVersion = 10.0.40219.1
Project("{FAE04EC0-301F-11D3-BF4B-00C04F79EFBC}") = "Sample", "src\Sample\Sample.csproj", "{F6A7B8C9-6789-ABCD-EF01-234567890123}"
EndProject
Project("{FAE04EC0-301F-11D3-BF4B-00C04F79EFBC}") = "Sample.Tests", "test\Sample.Tests\Sample.Tests.csproj", "{A7B8C9D0-789A-BCDE-F012-345678901234}"
EndProject
Global
	GlobalSection(SolutionConfigurationPlatforms) = preSolution
		Debug|Any CPU = Debug|Any CPU
		Release|Any CPU = Release|Any CPU
	EndGlobalSection
	GlobalSection(ProjectConfigurationPlatforms) = postSolution
		{F6A7B8C9-6789-ABCD-EF01-234567890123}.Debug|Any CPU.ActiveCfg = Debug|Any CPU
		{F6A7B8C9-6789-ABCD-EF01-234567890123}.Debug|Any CPU.Build.0 = Debug|Any CPU
		{F6A7B8C9-6789-ABCD-EF01-234567890123}.Release|Any CPU.ActiveCfg = Release|Any CPU
		{F6A7B8C9-6789-ABCD-EF01-234567890123}.Release|Any CPU.Build.0 = Release|Any CPU
		{A7B8C9D0-789A-BCDE-F012-345678901234}.Debug|Any CPU.ActiveCfg = Debug|Any CPU
		{A7B8C9D0-789A-BCDE-F012-345678901234}.Debug|Any CPU.Build.0 = Debug|Any CPU
		{A7B8C9D0-789A-BCDE-F012-345678901234}.Release|Any CPU.ActiveCfg = Release|Any CPU
		{A7B8C9D0-789A-BCDE-F012-345678901234}.Release|Any CPU.Build.0 = Release|Any CPU
	EndGlobalSection
EndGlobal
